{
  "version": 4,
  "terraform_version": "1.15.9",
  "serial": 165,
  "lineage": "3c5197b0-4f8f-a646-e45c-88b929c1073d",
  "outputs": {
    "master_vm_id": {
      "value": "ee404429-6f8d-4415-8674-d7178d8a2935",
      "type": "string"
    },
    "vms": {
      "value": {
        "master": {
          "id": "ee404429-6f8d-4415-8674-d7178d8a2935",
          "name": "terraform-k3s-master"
        },
        "worker1": {
          "id": "ed75be96-47b4-4558-a4ac-2927a207e848",
          "name": "terraform-k3s-worker-1"
        },
        "worker2": {
          "id": "7f155efa-884c-441e-bc3d-8a3ae878a5a4",
          "name": "terraform-k3s-worker-2"
        }
      },
      "type": [
        "object",
        {
          "master": [
            "object",
            {
              "id": "string",
              "name": "string"
            }
          ],
          "worker1": [
            "object",
            {
              "id": "string",
              "name": "string"
            }
          ],
          "worker2": [
            "object",
            {
              "id": "string",
              "name": "string"
            }
          ]
        }
      ]
    },
    "worker1_vm_id": {
      "value": "ed75be96-47b4-4558-a4ac-2927a207e848",
      "type": "string"
    },
    "worker2_vm_id": {
      "value": "7f155efa-884c-441e-bc3d-8a3ae878a5a4",
      "type": "string"
    }
  },
  "resources": [
    {
      "mode": "managed",
      "type": "libvirt_volume",
      "name": "ubuntu",
      "provider": "provider[\"registry.terraform.io/dmacvicar/libvirt\"]",
      "instances": [
        {
          "schema_version": 0,
          "attributes": {
            "base_volume_id": null,
            "base_volume_name": null,
            "base_volume_pool": null,
            "format": "qcow2",
            "id": "/var/lib/libvirt/images/ubuntu-22.04-base",
            "name": "ubuntu-22.04-base",
            "pool": "default",
            "size": 2361393152,
            "source": "https://cloud-images.ubuntu.com/jammy/current/jammy-server-cloudimg-amd64.img",
            "xml": []
          },
          "sensitive_attributes": [],
          "identity_schema_version": 0,
          "private": "bnVsbA=="
        }
      ]
    }
  ],
  "check_results": null
}
